
Microsoft Visual Studio Solution File, Format Version 12.00
# Visual Studio Version 17
VisualStudioVersion = 17.11.35303.130
MinimumVisualStudioVersion = 10.0.40219.1
Project("{9A19103F-16F7-4668-BE54-9A1E7A4F7556}") = "BasicCrudApiWithTests", "WebApplication1\BasicCrudApiWithTests.csproj", "{7C9D5D5E-1D2D-4EA3-912F-20D445EBE616}"
EndProject
Project("{FAE04EC0-301F-11D3-BF4B-00C04F79EFBC}") = "WebApplication1.Tests", "WebApplication1.Tests\WebApplication1.Tests.csproj", "{765D0783-55FA-4231-B13E-A7A357EC14EE}"
EndProject
Global
	GlobalSection(SolutionConfigurationPlatforms) = preSolution
		Debug|Any CPU = Debug|Any CPU
		Debug|x64 = Debug|x64
		Debug|x86 = Debug|x86
		Release|Any CPU = Release|Any CPU
		Release|x64 = Release|x64
		Release|x86 = Release|x86
	EndGlobalSection
	GlobalSection(ProjectConfigurationPlatforms) = postSolution
		{7C9D5D5E-1D2D-4EA3-912F-20D445EBE616}.Debug|Any CPU.ActiveCfg = Debug|Any CPU
		{7C9D5D5E-1D2D-4EA3-912F-20D445EBE616}.Debug|Any CPU.Build.0 = Debug|Any CPU
		{7C9D5D5E-1D2D-4EA3-912F-20D445EBE616}.Debug|x64.ActiveCfg = Debug|Any CPU
		{7C9D5D5E-1D2D-4EA3-912F-20D445EBE616}.Debug|x64.Build.0 = Debug|Any CPU
		{7C9D5D5E-1D2D-4EA3-912F-20D445EBE616}.Debug|x86.ActiveCfg = Debug|Any CPU
		{7C9D5D5E-1D2D-4EA3-912F-20D445EBE616}.Debug|x86.Build.0 = Debug|Any CPU
		{7C9D5D5E-1D2D-4EA3-912F-20D445EBE616}.Release|Any CPU.ActiveCfg = Release|Any CPU
		{7C9D5D5E-1D2D-4EA3-912F-20D445EBE616}.Release|Any CPU.Build.0 = Release|Any CPU
		{7C9D5D5E-1D2D-4EA3-912F-20D445EBE616}.Release|x64.ActiveCfg = Release|Any CPU
		{7C9D5D5E-1D2D-4EA3-912F-20D445EBE616}.Release|x64.Build.0 = Release|Any CPU
		{7C9D5D5E-1D2D-4EA3-912F-20D445EBE616}.Release|x86.ActiveCfg = Release|Any CPU
		{7C9D5D5E-1D2D-4EA3-912F-20D445EBE616}.Release|x86.Build.0 = Release|Any CPU
		{765D0783-55FA-4231-B13E-A7A357EC14EE}.Debug|Any CPU.ActiveCfg = Debug|Any CPU
		{765D0783-55FA-4231-B13E-A7A357EC14EE}.Debug|Any CPU.Build.0 = Debug|Any CPU
		{765D0783-55FA-4231-B13E-A7A357EC14EE}.Debug|x64.ActiveCfg = Debug|Any CPU
		{765D0783-55FA-4231-B13E-A7A357EC14EE}.Debug|x64.Build.0 = Debug|Any CPU
		{765D0783-55FA-4231-B13E-A7A357EC14EE}.Debug|x86.ActiveCfg = Debug|Any CPU
		{765D0783-55FA-4231-B13E-A7A357EC14EE}.Debug|x86.Build.0 = Debug|Any CPU
		{765D0783-55FA-4231-B13E-A7A357EC14EE}.Release|Any CPU.ActiveCfg = Release|Any CPU
		{765D0783-55FA-4231-B13E-A7A357EC14EE}.Release|Any CPU.Build.0 = Release|Any CPU
		{765D0783-55FA-4231-B13E-A7A357EC14EE}.Release|x64.ActiveCfg = Release|Any CPU
		{765D0783-55FA-4231-B13E-A7A357EC14EE}.Release|x64.Build.0 = Release|Any CPU
		{765D0783-55FA-4231-B13E-A7A357EC14EE}.Release|x86.ActiveCfg = Release|Any CPU
		{765D0783-55FA-4231-B13E-A7A357EC14EE}.Release|x86.Build.0 = Release|Any CPU
	EndGlobalSection
	GlobalSection(SolutionProperties) = preSolution
		HideSolutionNode = FALSE
	EndGlobalSection
	GlobalSection(ExtensibilityGlobals) = postSolution
		SolutionGuid = {1B61A3AB-04D6-4BB5-80BF-691C0D7076E3}
	EndGlobalSection
EndGlobal
